
Microsoft Visual Studio Solution File, Format Version 12.00
# Visual Studio Version 17
VisualStudioVersion = 17.14.36717.8 d17.14
MinimumVisualStudioVersion = 10.0.40219.1
Project("{FAE04EC0-301F-11D3-BF4B-00C04F79EFBC}") = "bai_2_StudentManager", "bai_2_StudentManager.csproj", "{55751167-0E49-4445-B554-4224A4A47634}"
EndProject
Global
	GlobalSection(SolutionConfigurationPlatforms) = preSolution
		Debug|Any CPU = Debug|Any CPU
		Release|Any CPU = Release|Any CPU
	EndGlobalSection
	GlobalSection(ProjectConfigurationPlatforms) = postSolution
		{55751167-0E49-4445-B554-4224A4A47634}.Debug|Any CPU.ActiveCfg = Debug|Any CPU
		{55751167-0E49-4445-B554-4224A4A47634}.Debug|Any CPU.Build.0 = Debug|Any CPU
		{55751167-0E49-4445-B554-4224A4A47634}.Release|Any CPU.ActiveCfg = Release|Any CPU
		{55751167-0E49-4445-B554-4224A4A47634}.Release|Any CPU.Build.0 = Release|Any CPU
	EndGlobalSection
	GlobalSection(SolutionProperties) = preSolution
		HideSolutionNode = FALSE
	EndGlobalSection
	GlobalSection(ExtensibilityGlobals) = postSolution
		SolutionGuid = {736D14C5-1EC6-4F64-9B58-F6DA71C818EB}
	EndGlobalSection
EndGlobal
